
Microsoft Visual Studio Solution File, Format Version 12.00
# Visual Studio Version 16
VisualStudioVersion = 16.0.31702.278
MinimumVisualStudioVersion = 10.0.40219.1
Project("{FAE04EC0-301F-11D3-BF4B-00C04F79EFBC}") = "Iterator", "Iterator\Iterator.csproj", "{67F401BD-3892-4759-A0C6-1EA6C3F4C14E}"
EndProject
Global
	GlobalSection(SolutionConfigurationPlatforms) = preSolution
		Debug|Any CPU = Debug|Any CPU
		Release|Any CPU = Release|Any CPU
	EndGlobalSection
	GlobalSection(ProjectConfigurationPlatforms) = postSolution
		{67F401BD-3892-4759-A0C6-1EA6C3F4C14E}.Debug|Any CPU.ActiveCfg = Debug|Any CPU
		{67F401BD-3892-4759-A0C6-1EA6C3F4C14E}.Debug|Any CPU.Build.0 = Debug|Any CPU
		{67F401BD-3892-4759-A0C6-1EA6C3F4C14E}.Release|Any CPU.ActiveCfg = Release|Any CPU
		{67F401BD-3892-4759-A0C6-1EA6C3F4C14E}.Release|Any CPU.Build.0 = Release|Any CPU
	EndGlobalSection
	GlobalSection(SolutionProperties) = preSolution
		HideSolutionNode = FALSE
	EndGlobalSection
	GlobalSection(ExtensibilityGlobals) = postSolution
		SolutionGuid = {558C9357-59BE-4DFB-AAD1-C5EA5F8D4C74}
	EndGlobalSection
EndGlobal
